<?xml version="1.0" encoding="utf-8"?>
<Project ToolsVersion="4.0" xmlns="http://schemas.microsoft.com/developer/msbuild/2003">
  <ItemGroup>
    <ClCompile Include="DX12App.cpp" />
    <ClCompile Include="DX12Helper.cpp" />
    <ClCompile Include="JustDX12.cpp" />
    <ClCompile Include="FrameResource.cpp" />
    <ClCompile Include="Settings.cpp" />
    <ClCompile Include="PipelineStage\ComputePipelineStage.cpp">
      <Filter>Pipelines</Filter>
    </ClCompile>
    <ClCompile Include="PipelineStage\PipelineStage.cpp">
      <Filter>Pipelines</Filter>
    </ClCompile>
    <ClCompile Include="PipelineStage\RenderPipelineStage.cpp">
      <Filter>Pipelines</Filter>
    </ClCompile>
    <ClCompile Include="ModelLoading\ModelLoader.cpp">
      <Filter>ModelLoading</Filter>
    </ClCompile>
    <ClCompile Include="ModelLoading\TextureLoader.cpp">
      <Filter>ModelLoading</Filter>
    </ClCompile>
    <ClCompile Include="DescriptorClasses\DescriptorManager.cpp">
      <Filter>Descriptors</Filter>
    </ClCompile>
    <ClCompile Include="ResourceClasses\DX12Resource.cpp">
      <Filter>Resources</Filter>
    </ClCompile>
    <ClCompile Include="ResourceClasses\ResourceManager.cpp">
      <Filter>Resources</Filter>
    </ClCompile>
    <ClCompile Include="ModelLoading\Model.cpp">
      <Filter>ModelLoading</Filter>
    </ClCompile>
    <ClCompile Include="DX12ConstantBuffer.cpp" />
    <ClCompile Include="ConstantBufferManager.cpp" />
    <ClCompile Include="KeyboardWrapper.cpp" />
    <ClCompile Include="MeshletModel.cpp">
      <Filter>ModelLoading</Filter>
    </ClCompile>
    <ClCompile Include="SceneNode.cpp" />
    <ClCompile Include="ResourceDecay.cpp" />
    <ClCompile Include="RtRenderPipelineStage.cpp" />
    <ClCompile Include="SceneCsv.cpp">
      <Filter>CsvLoader</Filter>
    </ClCompile>
    <ClCompile Include="Tasks\DX12TaskQueueThread.cpp">
      <Filter>ThreadObjects</Filter>
    </ClCompile>
    <ClCompile Include="TaskQueueThread.cpp">
      <Filter>ThreadObjects</Filter>
    </ClCompile>
    <ClCompile Include="ThreadPool.cpp" />
  </ItemGroup>
  <ItemGroup>
    <ClInclude Include="DX12App.h" />
    <ClInclude Include="DX12Helper.h" />
    <ClInclude Include="FrameResource.h" />
    <ClInclude Include="Tasks\PipelineStageTask.h" />
    <ClInclude Include="Settings.h" />
    <ClInclude Include="Tasks\Task.h" />
    <ClInclude Include="PipelineStage\ComputePipelineStage.h">
      <Filter>Pipelines</Filter>
    </ClInclude>
    <ClInclude Include="PipelineStage\PipelineStage.h">
      <Filter>Pipelines</Filter>
    </ClInclude>
    <ClInclude Include="PipelineStage\RenderPipelineStage.h">
      <Filter>Pipelines</Filter>
    </ClInclude>
    <ClInclude Include="ModelLoading\Model.h">
      <Filter>ModelLoading</Filter>
    </ClInclude>
    <ClInclude Include="ModelLoading\ModelLoader.h">
      <Filter>ModelLoading</Filter>
    </ClInclude>
    <ClInclude Include="ModelLoading\TextureLoader.h">
      <Filter>ModelLoading</Filter>
    </ClInclude>
    <ClInclude Include="DescriptorClasses\DescriptorManager.h">
      <Filter>Descriptors</Filter>
    </ClInclude>
    <ClInclude Include="DescriptorClasses\DX12Descriptor.h">
      <Filter>Descriptors</Filter>
    </ClInclude>
    <ClInclude Include="ResourceClasses\DX12Resource.h">
      <Filter>Resources</Filter>
    </ClInclude>
    <ClInclude Include="ResourceClasses\ResourceManager.h">
      <Filter>Resources</Filter>
    </ClInclude>
    <ClInclude Include="ModelLoading\Mesh.h">
      <Filter>ModelLoading</Filter>
    </ClInclude>
    <ClInclude Include="RenderPipelineStageTask.h" />
    <ClInclude Include="ConstantBufferTypes.h" />
    <ClInclude Include="DX12ConstantBuffer.h" />
    <ClInclude Include="ConstantBufferData.h">
      <Filter>Resources</Filter>
    </ClInclude>
    <ClInclude Include="ConstantBufferManager.h" />
    <ClInclude Include="TextureLoadTask.h">
      <Filter>ModelLoading</Filter>
    </ClInclude>
    <ClInclude Include="Texture.h">
      <Filter>Resources</Filter>
    </ClInclude>
    <ClInclude Include="KeyboardWrapper.h" />
    <ClInclude Include="MeshletModel.h">
      <Filter>ModelLoading</Filter>
    </ClInclude>
    <ClInclude Include="IndexedName.h" />
    <ClInclude Include="Common.h" />
    <ClInclude Include="TransformData.h" />
    <ClInclude Include="SceneNode.h" />
    <ClInclude Include="ResourceDecay.h" />
    <ClInclude Include="RtRenderPipelineStage.h" />
    <ClInclude Include="SceneCsv.h">
      <Filter>CsvLoader</Filter>
    </ClInclude>
    <ClInclude Include="CsvParser.h">
      <Filter>CsvLoader</Filter>
    </ClInclude>
    <ClInclude Include="FileSelect.h" />
    <ClInclude Include="ThreadPool.h">
      <Filter>ThreadObjects</Filter>
    </ClInclude>
    <ClInclude Include="Tasks\DX12TaskQueueThread.h">
      <Filter>ThreadObjects</Filter>
    </ClInclude>
    <ClInclude Include="TaskQueueThread.h">
      <Filter>ThreadObjects</Filter>
    </ClInclude>
  </ItemGroup>
  <ItemGroup>
    <None Include="packages.config" />
    <None Include="ClassDiagram.cd" />
  </ItemGroup>
  <ItemGroup>
    <Filter Include="Pipelines">
      <UniqueIdentifier>{211485a0-da2d-4d4f-afdd-b06da18c9c04}</UniqueIdentifier>
    </Filter>
    <Filter Include="Descriptors">
      <UniqueIdentifier>{3707e1d8-81f8-45cc-a07a-a5d327f4f882}</UniqueIdentifier>
    </Filter>
    <Filter Include="Resources">
      <UniqueIdentifier>{438894ae-3e67-48b9-b234-6c7ba6049658}</UniqueIdentifier>
    </Filter>
    <Filter Include="ModelLoading">
      <UniqueIdentifier>{3866f14f-67e9-450e-b24f-cc2a888a6f40}</UniqueIdentifier>
    </Filter>
    <Filter Include="CsvLoader">
      <UniqueIdentifier>{c7ceaf6c-45a4-43ed-8985-3d7245fa5d39}</UniqueIdentifier>
    </Filter>
    <Filter Include="ThreadObjects">
      <UniqueIdentifier>{8dff6d3d-cfc0-425c-b500-b86b26f57794}</UniqueIdentifier>
    </Filter>
  </ItemGroup>
</Project>